{
  "name": "discord-boss-timer",
  "version": "1.0.0",
  "lockfileVersion": 3,
  "requires": true,
  "packages": {
    "": {
      "name": "discord-boss-timer",
      "version": "1.0.0",
      "hasInstallScript": true,
      "license": "ISC",
      "dependencies": {
        "@discordjs/rest": "^2.5.0",
        "@discordjs/voice": "^0.18.0",
        "discord-api-types": "^0.37.120",
        "discord.js": "^14.19.3",
        "dotenv": "^17.2.2",
        "google-tts-api": "^2.0.2",
        "lowdb": "^7.0.1",
        "node-cron": "^3.0.3",
        "puppeteer": "^25.3.0",
        "uuid": "^13.0.0"
      },
      "engines": {
        "node": ">=20"
      }
    },
    "node_modules/@discordjs/builders": {
      "version": "1.11.2",
      "resolved": "https://registry.npmjs.org/@discordjs/builders/-/builders-1.11.2.tgz",
      "integrity": "sha512-F1WTABdd8/R9D1icJzajC4IuLyyS8f3rTOz66JsSI3pKvpCAtsMBweu8cyNYsIyvcrKAVn9EPK+Psoymq+XC0A==",
      "license": "Apache-2.0",
      "dependencies": {
        "@discordjs/formatters": "^0.6.1",
        "@discordjs/util": "^1.1.1",
        "@sapphire/shapeshift": "^4.0.0",
        "discord-api-types": "^0.38.1",
        "fast-deep-equal": "^3.1.3",
        "ts-mixer": "^6.0.4",
        "tslib": "^2.6.3"
      },
      "engines": {
        "node": ">=16.11.0"
      },
      "funding": {
        "url": "https://github.com/discordjs/discord.js?sponsor"
      }
    },
    "node_modules/@discordjs/builders/node_modules/discord-api-types": {
      "version": "0.38.10",
      "resolved": "https://registry.npmjs.org/discord-api-types/-/discord-api-types-0.38.10.tgz",
      "integrity": "sha512-6F02RttmlDoTpFEeOlF1Z9lmNDUFum4ewBPFFjkD6mIlnd+NJ6oze/dllPdp8dpNvFuLHyEfVy+UPZ1s+IWmmA==",
      "license": "MIT",
      "workspaces": [
        "scripts/actions/documentation"
      ]
    },
    "node_modules/@discordjs/collection": {
      "version": "2.1.1",
      "resolved": "https://registry.npmjs.org/@discordjs/collection/-/collection-2.1.1.tgz",
      "integrity": "sha512-LiSusze9Tc7qF03sLCujF5iZp7K+vRNEDBZ86FT9aQAv3vxMLihUvKvpsCWiQ2DJq1tVckopKm1rxomgNUc9hg==",
      "license": "Apache-2.0",
      "engines": {
        "node": ">=18"
      },
      "funding": {
        "url": "https://github.com/discordjs/discord.js?sponsor"
      }
    },
    "node_modules/@discordjs/formatters": {
      "version": "0.6.1",
      "resolved": "https://registry.npmjs.org/@discordjs/formatters/-/formatters-0.6.1.tgz",
      "integrity": "sha512-5cnX+tASiPCqCWtFcFslxBVUaCetB0thvM/JyavhbXInP1HJIEU+Qv/zMrnuwSsX3yWH2lVXNJZeDK3EiP4HHg==",
      "license": "Apache-2.0",
      "dependencies": {
        "discord-api-types": "^0.38.1"
      },
      "engines": {
        "node": ">=16.11.0"
      },
      "funding": {
        "url": "https://github.com/discordjs/discord.js?sponsor"
      }
    },
    "node_modules/@discordjs/formatters/node_modules/discord-api-types": {
      "version": "0.38.10",
      "resolved": "https://registry.npmjs.org/discord-api-types/-/discord-api-types-0.38.10.tgz",
      "integrity": "sha512-6F02RttmlDoTpFEeOlF1Z9lmNDUFum4ewBPFFjkD6mIlnd+NJ6oze/dllPdp8dpNvFuLHyEfVy+UPZ1s+IWmmA==",
      "license": "MIT",
      "workspaces": [
        "scripts/actions/documentation"
      ]
    },
    "node_modules/@discordjs/rest": {
      "version": "2.5.0",
      "resolved": "https://registry.npmjs.org/@discordjs/rest/-/rest-2.5.0.tgz",
      "integrity": "sha512-PWhchxTzpn9EV3vvPRpwS0EE2rNYB9pvzDU/eLLW3mByJl0ZHZjHI2/wA8EbH2gRMQV7nu+0FoDF84oiPl8VAQ==",
      "license": "Apache-2.0",
      "dependencies": {
        "@discordjs/collection": "^2.1.1",
        "@discordjs/util": "^1.1.1",
        "@sapphire/async-queue": "^1.5.3",
        "@sapphire/snowflake": "^3.5.3",
        "@vladfrangu/async_event_emitter": "^2.4.6",
        "discord-api-types": "^0.38.1",
        "magic-bytes.js": "^1.10.0",
        "tslib": "^2.6.3",
        "undici": "6.21.1"
      },
      "engines": {
        "node": ">=18"
      },
      "funding": {
        "url": "https://github.com/discordjs/discord.js?sponsor"
      }
    },
    "node_modules/@discordjs/rest/node_modules/discord-api-types": {
      "version": "0.38.10",
      "resolved": "https://registry.npmjs.org/discord-api-types/-/discord-api-types-0.38.10.tgz",
      "integrity": "sha512-6F02RttmlDoTpFEeOlF1Z9lmNDUFum4ewBPFFjkD6mIlnd+NJ6oze/dllPdp8dpNvFuLHyEfVy+UPZ1s+IWmmA==",
      "license": "MIT",
      "workspaces": [
        "scripts/actions/documentation"
      ]
    },
    "node_modules/@discordjs/util": {
      "version": "1.1.1",
      "resolved": "https://registry.npmjs.org/@discordjs/util/-/util-1.1.1.tgz",
      "integrity": "sha512-eddz6UnOBEB1oITPinyrB2Pttej49M9FZQY8NxgEvc3tq6ZICZ19m70RsmzRdDHk80O9NoYN/25AqJl8vPVf/g==",
      "license": "Apache-2.0",
      "engines": {
        "node": ">=18"
      },
      "funding": {
        "url": "https://github.com/discordjs/discord.js?sponsor"
      }
    },
    "node_modules/@discordjs/voice": {
      "version": "0.18.0",
      "resolved": "https://registry.npmjs.org/@discordjs/voice/-/voice-0.18.0.tgz",
      "integrity": "sha512-BvX6+VJE5/vhD9azV9vrZEt9hL1G+GlOdsQaVl5iv9n87fkXjf3cSwllhR3GdaUC8m6dqT8umXIWtn3yCu4afg==",
      "license": "Apache-2.0",
      "dependencies": {
        "@types/ws": "^8.5.12",
        "discord-api-types": "^0.37.103",
        "prism-media": "^1.3.5",
        "tslib": "^2.6.3",
        "ws": "^8.18.0"
      },
      "engines": {
        "node": ">=18"
      },
      "funding": {
        "url": "https://github.com/discordjs/discord.js?sponsor"
      }
    },
    "node_modules/@discordjs/ws": {
      "version": "1.2.2",
      "resolved": "https://registry.npmjs.org/@discordjs/ws/-/ws-1.2.2.tgz",
      "integrity": "sha512-dyfq7yn0wO0IYeYOs3z79I6/HumhmKISzFL0Z+007zQJMtAFGtt3AEoq1nuLXtcunUE5YYYQqgKvybXukAK8/w==",
      "license": "Apache-2.0",
      "dependencies": {
        "@discordjs/collection": "^2.1.0",
        "@discordjs/rest": "^2.5.0",
        "@discordjs/util": "^1.1.0",
        "@sapphire/async-queue": "^1.5.2",
        "@types/ws": "^8.5.10",
        "@vladfrangu/async_event_emitter": "^2.2.4",
        "discord-api-types": "^0.38.1",
        "tslib": "^2.6.2",
        "ws": "^8.17.0"
      },
      "engines": {
        "node": ">=16.11.0"
      },
      "funding": {
        "url": "https://github.com/discordjs/discord.js?sponsor"
      }
    },
    "node_modules/@discordjs/ws/node_modules/discord-api-types": {
      "version": "0.38.10",
      "resolved": "https://registry.npmjs.org/discord-api-types/-/discord-api-types-0.38.10.tgz",
      "integrity": "sha512-6F02RttmlDoTpFEeOlF1Z9lmNDUFum4ewBPFFjkD6mIlnd+NJ6oze/dllPdp8dpNvFuLHyEfVy+UPZ1s+IWmmA==",
      "license": "MIT",
      "workspaces": [
        "scripts/actions/documentation"
      ]
    },
    "node_modules/@isaacs/cliui": {
      "version": "8.0.2",
      "resolved": "https://registry.npmjs.org/@isaacs/cliui/-/cliui-8.0.2.tgz",
      "integrity": "sha512-O8jcjabXaleOG9DQ0+ARXWZBTfnP4WNAqzuiJK7ll44AmxGKv/J2M4TPjxjY3znBCfvBXFzucm1twdyFybFqEA==",
      "license": "ISC",
      "dependencies": {
        "string-width": "^5.1.2",
        "string-width-cjs": "npm:string-width@^4.2.0",
        "strip-ansi": "^7.0.1",
        "strip-ansi-cjs": "npm:strip-ansi@^6.0.1",
        "wrap-ansi": "^8.1.0",
        "wrap-ansi-cjs": "npm:wrap-ansi@^7.0.0"
      },
      "engines": {
        "node": ">=12"
      }
    },
    "node_modules/@puppeteer/browsers": {
      "version": "3.0.6",
      "resolved": "https://registry.npmjs.org/@puppeteer/browsers/-/browsers-3.0.6.tgz",
      "integrity": "sha512-B/gKoqlFkzhvzsI6jo9K1cZz9o5ypviVv/xu8CwA4grZzyVwN+XfkT+tu8T1zrauuEXv6VhS2oGX+6NL95WcKA==",
      "license": "Apache-2.0",
      "dependencies": {
        "modern-tar": "^0.7.6",
        "yargs": "^18.0.0"
      },
      "bin": {
        "browsers": "lib/main-cli.js"
      },
      "engines": {
        "node": ">=22.12.0"
      },
      "peerDependencies": {
        "proxy-agent": ">=8.0.1",
        "yauzl": "^2.10.0 || ^3.4.0"
      },
      "peerDependenciesMeta": {
        "proxy-agent": {
          "optional": true
        },
        "yauzl": {
          "optional": true
        }
      }
    },
    "node_modules/@sapphire/async-queue": {
      "version": "1.5.5",
      "resolved": "https://registry.npmjs.org/@sapphire/async-queue/-/async-queue-1.5.5.tgz",
      "integrity": "sha512-cvGzxbba6sav2zZkH8GPf2oGk9yYoD5qrNWdu9fRehifgnFZJMV+nuy2nON2roRO4yQQ+v7MK/Pktl/HgfsUXg==",
      "license": "MIT",
      "engines": {
        "node": ">=v14.0.0",
        "npm": ">=7.0.0"
      }
    },
    "node_modules/@sapphire/shapeshift": {
      "version": "4.0.0",
      "resolved": "https://registry.npmjs.org/@sapphire/shapeshift/-/shapeshift-4.0.0.tgz",
      "integrity": "sha512-d9dUmWVA7MMiKobL3VpLF8P2aeanRTu6ypG2OIaEv/ZHH/SUQ2iHOVyi5wAPjQ+HmnMuL0whK9ez8I/raWbtIg==",
      "license": "MIT",
      "dependencies": {
        "fast-deep-equal": "^3.1.3",
        "lodash": "^4.17.21"
      },
      "engines": {
        "node": ">=v16"
      }
    },
    "node_modules/@sapphire/snowflake": {
      "version": "3.5.5",
      "resolved": "https://registry.npmjs.org/@sapphire/snowflake/-/snowflake-3.5.5.tgz",
      "integrity": "sha512-xzvBr1Q1c4lCe7i6sRnrofxeO1QTP/LKQ6A6qy0iB4x5yfiSfARMEQEghojzTNALDTcv8En04qYNIco9/K9eZQ==",
      "license": "MIT",
      "engines": {
        "node": ">=v14.0.0",
        "npm": ">=7.0.0"
      }
    },
    "node_modules/@types/node": {
      "version": "22.15.29",
      "resolved": "https://registry.npmjs.org/@types/node/-/node-22.15.29.tgz",
      "integrity": "sha512-LNdjOkUDlU1RZb8e1kOIUpN1qQUlzGkEtbVNo53vbrwDg5om6oduhm4SiUaPW5ASTXhAiP0jInWG8Qx9fVlOeQ==",
      "license": "MIT",
      "dependencies": {
        "undici-types": "~6.21.0"
      }
    },
    "node_modules/@types/ws": {
      "version": "8.18.1",
      "resolved": "https://registry.npmjs.org/@types/ws/-/ws-8.18.1.tgz",
      "integrity": "sha512-ThVF6DCVhA8kUGy+aazFQ4kXQ7E1Ty7A3ypFOe0IcJV8O/M511G99AW24irKrW56Wt44yG9+ij8FaqoBGkuBXg==",
      "license": "MIT",
      "dependencies": {
        "@types/node": "*"
      }
    },
    "node_modules/@vladfrangu/async_event_emitter": {
      "version": "2.4.6",
      "resolved": "https://registry.npmjs.org/@vladfrangu/async_event_emitter/-/async_event_emitter-2.4.6.tgz",
      "integrity": "sha512-RaI5qZo6D2CVS6sTHFKg1v5Ohq/+Bo2LZ5gzUEwZ/WkHhwtGTCB/sVLw8ijOkAUxasZ+WshN/Rzj4ywsABJ5ZA==",
      "license": "MIT",
      "engines": {
        "node": ">=v14.0.0",
        "npm": ">=7.0.0"
      }
    },
    "node_modules/ansi-regex": {
      "version": "6.1.0",
      "resolved": "https://registry.npmjs.org/ansi-regex/-/ansi-regex-6.1.0.tgz",
      "integrity": "sha512-7HSX4QQb4CspciLpVFwyRe79O3xsIZDDLER21kERQ71oaPodF8jL725AgJMFAYbooIqolJoRLuM81SpeUkpkvA==",
      "license": "MIT",
      "engines": {
        "node": ">=12"
      },
      "funding": {
        "url": "https://github.com/chalk/ansi-regex?sponsor=1"
      }
    },
    "node_modules/ansi-styles": {
      "version": "6.2.1",
      "resolved": "https://registry.npmjs.org/ansi-styles/-/ansi-styles-6.2.1.tgz",
      "integrity": "sha512-bN798gFfQX+viw3R7yrGWRqnrN2oRkEkUjjl4JNn4E8GxxbjtG3FbrEIIY3l8/hrwUwIeCZvi4QuOTP4MErVug==",
      "license": "MIT",
      "engines": {
        "node": ">=12"
      },
      "funding": {
        "url": "https://github.com/chalk/ansi-styles?sponsor=1"
      }
    },
    "node_modules/axios": {
      "version": "0.21.4",
      "resolved": "https://registry.npmjs.org/axios/-/axios-0.21.4.tgz",
      "integrity": "sha512-ut5vewkiu8jjGBdqpM44XxjuCjq9LAKeHVmoVfHVzy8eHgxxq8SbAVQNovDA8mVi05kP0Ea/n/UzcSHcTJQfNg==",
      "license": "MIT",
      "dependencies": {
        "follow-redirects": "^1.14.0"
      }
    },
    "node_modules/balanced-match": {
      "version": "1.0.2",
      "resolved": "https://registry.npmjs.org/balanced-match/-/balanced-match-1.0.2.tgz",
      "integrity": "sha512-3oSeUO0TMV67hN1AmbXsK4yaqU7tjiHlbxRDZOpH0KW9+CeX4bRAaX0Anxt0tx2MrpRpWwQaPwIlISEJhYU5Pw==",
      "license": "MIT"
    },
    "node_modules/brace-expansion": {
      "version": "2.0.1",
      "resolved": "https://registry.npmjs.org/brace-expansion/-/brace-expansion-2.0.1.tgz",
      "integrity": "sha512-XnAIvQ8eM+kC6aULx6wuQiwVsnzsi9d3WxzV3FpWTGA19F621kwdbsAcFKXgKUHZWsy+mY6iL1sHTxWEFCytDA==",
      "license": "MIT",
      "dependencies": {
        "balanced-match": "^1.0.0"
      }
    },
    "node_modules/chromium-bidi": {
      "version": "16.0.1",
      "resolved": "https://registry.npmjs.org/chromium-bidi/-/chromium-bidi-16.0.1.tgz",
      "integrity": "sha512-J63PGu/9PpeCwLIcKYyzWP6yaVL5pxuBc0shlYCYM8BaAkmlwiQboXO1iNbOgSDbVklEyYFfNEcHD8oOAWacUA==",
      "license": "Apache-2.0",
      "dependencies": {
        "mitt": "^3.0.1",
        "zod": "^3.24.1"
      },
      "engines": {
        "node": ">=20.19.0 <22.0.0 || >=22.12.0"
      },
      "peerDependencies": {
        "devtools-protocol": "*"
      }
    },
    "node_modules/cliui": {
      "version": "9.0.1",
      "resolved": "https://registry.npmjs.org/cliui/-/cliui-9.0.1.tgz",
      "integrity": "sha512-k7ndgKhwoQveBL+/1tqGJYNz097I7WOvwbmmU2AR5+magtbjPWQTS1C5vzGkBC8Ym8UWRzfKUzUUqFLypY4Q+w==",
      "license": "ISC",
      "dependencies": {
        "string-width": "^7.2.0",
        "strip-ansi": "^7.1.0",
        "wrap-ansi": "^9.0.0"
      },
      "engines": {
        "node": ">=20"
      }
    },
    "node_modules/cliui/node_modules/emoji-regex": {
      "version": "10.6.0",
      "resolved": "https://registry.npmjs.org/emoji-regex/-/emoji-regex-10.6.0.tgz",
      "integrity": "sha512-toUI84YS5YmxW219erniWD0CIVOo46xGKColeNQRgOzDorgBi1v4D71/OFzgD9GO2UGKIv1C3Sp8DAn0+j5w7A==",
      "license": "MIT"
    },
    "node_modules/cliui/node_modules/string-width": {
      "version": "7.2.0",
      "resolved": "https://registry.npmjs.org/string-width/-/string-width-7.2.0.tgz",
      "integrity": "sha512-tsaTIkKW9b4N+AEj+SVA+WhJzV7/zMhcSu78mLKWSk7cXMOSHsBKFWUs0fWwq8QyK3MgJBQRX6Gbi4kYbdvGkQ==",
      "license": "MIT",
      "dependencies": {
        "emoji-regex": "^10.3.0",
        "get-east-asian-width": "^1.0.0",
        "strip-ansi": "^7.1.0"
      },
      "engines": {
        "node": ">=18"
      },
      "funding": {
        "url": "https://github.com/sponsors/sindresorhus"
      }
    },
    "node_modules/cliui/node_modules/wrap-ansi": {
      "version": "9.0.2",
      "resolved": "https://registry.npmjs.org/wrap-ansi/-/wrap-ansi-9.0.2.tgz",
      "integrity": "sha512-42AtmgqjV+X1VpdOfyTGOYRi0/zsoLqtXQckTmqTeybT+BDIbM/Guxo7x3pE2vtpr1ok6xRqM9OpBe+Jyoqyww==",
      "license": "MIT",
      "dependencies": {
        "ansi-styles": "^6.2.1",
        "string-width": "^7.0.0",
        "strip-ansi": "^7.1.0"
      },
      "engines": {
        "node": ">=18"
      },
      "funding": {
        "url": "https://github.com/chalk/wrap-ansi?sponsor=1"
      }
    },
    "node_modules/color-convert": {
      "version": "2.0.1",
      "resolved": "https://registry.npmjs.org/color-convert/-/color-convert-2.0.1.tgz",
      "integrity": "sha512-RRECPsj7iu/xb5oKYcsFHSppFNnsj/52OVTRKb4zP5onXwVF3zVmmToNcOfGC+CRDpfK/U584fMg38ZHCaElKQ==",
      "license": "MIT",
      "dependencies": {
        "color-name": "~1.1.4"
      },
      "engines": {
        "node": ">=7.0.0"
      }
    },
    "node_modules/color-name": {
      "version": "1.1.4",
      "resolved": "https://registry.npmjs.org/color-name/-/color-name-1.1.4.tgz",
      "integrity": "sha512-dOy+3AuW3a2wNbZHIuMZpTcgjGuLU/uBL/ubcZF9OXbDo8ff4O8yVp5Bf0efS8uEoYo5q4Fx7dY9OgQGXgAsQA==",
      "license": "MIT"
    },
    "node_modules/cross-spawn": {
      "version": "7.0.6",
      "resolved": "https://registry.npmjs.org/cross-spawn/-/cross-spawn-7.0.6.tgz",
      "integrity": "sha512-uV2QOWP2nWzsy2aMp8aRibhi9dlzF5Hgh5SHaB9OiTGEyDTiJJyx0uy51QXdyWbtAHNua4XJzUKca3OzKUd3vA==",
      "license": "MIT",
      "dependencies": {
        "path-key": "^3.1.0",
        "shebang-command": "^2.0.0",
        "which": "^2.0.1"
      },
      "engines": {
        "node": ">= 8"
      }
    },
    "node_modules/devtools-protocol": {
      "version": "0.0.1638949",
      "resolved": "https://registry.npmjs.org/devtools-protocol/-/devtools-protocol-0.0.1638949.tgz",
      "integrity": "sha512-mXwg4Fqnv0WR4iuAT/gYUmctNkjILwXFHyZ+m7Ty1dfr0ezZt2U3gnrrJTfRobJTHoXf+IbuFvFITzLrLFjwJA==",
      "license": "BSD-3-Clause"
    },
    "node_modules/discord-api-types": {
      "version": "0.37.120",
      "resolved": "https://registry.npmjs.org/discord-api-types/-/discord-api-types-0.37.120.tgz",
      "integrity": "sha512-7xpNK0EiWjjDFp2nAhHXezE4OUWm7s1zhc/UXXN6hnFFU8dfoPHgV0Hx0RPiCa3ILRpdeh152icc68DGCyXYIw==",
      "license": "MIT"
    },
    "node_modules/discord.js": {
      "version": "14.19.3",
      "resolved": "https://registry.npmjs.org/discord.js/-/discord.js-14.19.3.tgz",
      "integrity": "sha512-lncTRk0k+8Q5D3nThnODBR8fR8x2fM798o8Vsr40Krx0DjPwpZCuxxTcFMrXMQVOqM1QB9wqWgaXPg3TbmlHqA==",
      "license": "Apache-2.0",
      "dependencies": {
        "@discordjs/builders": "^1.11.2",
        "@discordjs/collection": "1.5.3",
        "@discordjs/formatters": "^0.6.1",
        "@discordjs/rest": "^2.5.0",
        "@discordjs/util": "^1.1.1",
        "@discordjs/ws": "^1.2.2",
        "@sapphire/snowflake": "3.5.3",
        "discord-api-types": "^0.38.1",
        "fast-deep-equal": "3.1.3",
        "lodash.snakecase": "4.1.1",
        "magic-bytes.js": "^1.10.0",
        "tslib": "^2.6.3",
        "undici": "6.21.1"
      },
      "engines": {
        "node": ">=18"
      },
      "funding": {
        "url": "https://github.com/discordjs/discord.js?sponsor"
      }
    },
    "node_modules/discord.js/node_modules/@discordjs/collection": {
      "version": "1.5.3",
      "resolved": "https://registry.npmjs.org/@discordjs/collection/-/collection-1.5.3.tgz",
      "integrity": "sha512-SVb428OMd3WO1paV3rm6tSjM4wC+Kecaa1EUGX7vc6/fddvw/6lg90z4QtCqm21zvVe92vMMDt9+DkIvjXImQQ==",
      "license": "Apache-2.0",
      "engines": {
        "node": ">=16.11.0"
      }
    },
    "node_modules/discord.js/node_modules/@sapphire/snowflake": {
      "version": "3.5.3",
      "resolved": "https://registry.npmjs.org/@sapphire/snowflake/-/snowflake-3.5.3.tgz",
      "integrity": "sha512-jjmJywLAFoWeBi1W7994zZyiNWPIiqRRNAmSERxyg93xRGzNYvGjlZ0gR6x0F4gPRi2+0O6S71kOZYyr3cxaIQ==",
      "license": "MIT",
      "engines": {
        "node": ">=v14.0.0",
        "npm": ">=7.0.0"
      }
    },
    "node_modules/discord.js/node_modules/discord-api-types": {
      "version": "0.38.10",
      "resolved": "https://registry.npmjs.org/discord-api-types/-/discord-api-types-0.38.10.tgz",
      "integrity": "sha512-6F02RttmlDoTpFEeOlF1Z9lmNDUFum4ewBPFFjkD6mIlnd+NJ6oze/dllPdp8dpNvFuLHyEfVy+UPZ1s+IWmmA==",
      "license": "MIT",
      "workspaces": [
        "scripts/actions/documentation"
      ]
    },
    "node_modules/dotenv": {
      "version": "17.2.2",
      "resolved": "https://registry.npmjs.org/dotenv/-/dotenv-17.2.2.tgz",
      "integrity": "sha512-Sf2LSQP+bOlhKWWyhFsn0UsfdK/kCWRv1iuA2gXAwt3dyNabr6QSj00I2V10pidqz69soatm9ZwZvpQMTIOd5Q==",
      "license": "BSD-2-Clause",
      "engines": {
        "node": ">=12"
      },
      "funding": {
        "url": "https://dotenvx.com"
      }
    },
    "node_modules/eastasianwidth": {
      "version": "0.2.0",
      "resolved": "https://registry.npmjs.org/eastasianwidth/-/eastasianwidth-0.2.0.tgz",
      "integrity": "sha512-I88TYZWc9XiYHRQ4/3c5rjjfgkjhLyW2luGIheGERbNQ6OY7yTybanSpDXZa8y7VUP9YmDcYa+eyq4ca7iLqWA==",
      "license": "MIT"
    },
    "node_modules/emoji-regex": {
      "version": "9.2.2",
      "resolved": "https://registry.npmjs.org/emoji-regex/-/emoji-regex-9.2.2.tgz",
      "integrity": "sha512-L18DaJsXSUk2+42pv8mLs5jJT2hqFkFE4j21wOmgbUqsZ2hL72NsUU785g9RXgo3s0ZNgVl42TiHp3ZtOv/Vyg==",
      "license": "MIT"
    },
    "node_modules/escalade": {
      "version": "3.2.0",
      "resolved": "https://registry.npmjs.org/escalade/-/escalade-3.2.0.tgz",
      "integrity": "sha512-WUj2qlxaQtO4g6Pq5c29GTcWGDyd8itL8zTlipgECz3JesAiiOKotd8JU6otB3PACgG6xkJUyVhboMS+bje/jA==",
      "license": "MIT",
      "engines": {
        "node": ">=6"
      }
    },
    "node_modules/fast-deep-equal": {
      "version": "3.1.3",
      "resolved": "https://registry.npmjs.org/fast-deep-equal/-/fast-deep-equal-3.1.3.tgz",
      "integrity": "sha512-f3qQ9oQy9j2AhBe/H9VC91wLmKBCCU/gDOnKNAYG5hswO7BLKj09Hc5HYNz9cGI++xlpDCIgDaitVs03ATR84Q==",
      "license": "MIT"
    },
    "node_modules/follow-redirects": {
      "version": "1.15.9",
      "resolved": "https://registry.npmjs.org/follow-redirects/-/follow-redirects-1.15.9.tgz",
      "integrity": "sha512-gew4GsXizNgdoRyqmyfMHyAmXsZDk6mHkSxZFCzW9gwlbtOW44CDtYavM+y+72qD/Vq2l550kMF52DT8fOLJqQ==",
      "funding": [
        {
          "type": "individual",
          "url": "https://github.com/sponsors/RubenVerborgh"
        }
      ],
      "license": "MIT",
      "engines": {
        "node": ">=4.0"
      },
      "peerDependenciesMeta": {
        "debug": {
          "optional": true
        }
      }
    },
    "node_modules/foreground-child": {
      "version": "3.3.1",
      "resolved": "https://registry.npmjs.org/foreground-child/-/foreground-child-3.3.1.tgz",
      "integrity": "sha512-gIXjKqtFuWEgzFRJA9WCQeSJLZDjgJUOMCMzxtvFq/37KojM1BFGufqsCy0r4qSQmYLsZYMeyRqzIWOMup03sw==",
      "license": "ISC",
      "dependencies": {
        "cross-spawn": "^7.0.6",
        "signal-exit": "^4.0.1"
      },
      "engines": {
        "node": ">=14"
      },
      "funding": {
        "url": "https://github.com/sponsors/isaacs"
      }
    },
    "node_modules/get-caller-file": {
      "version": "2.0.5",
      "resolved": "https://registry.npmjs.org/get-caller-file/-/get-caller-file-2.0.5.tgz",
      "integrity": "sha512-DyFP3BM/3YHTQOCUL/w0OZHR0lpKeGrxotcHWcqNEdnltqFwXVfhEBQ94eIo34AfQpo0rGki4cyIiftY06h2Fg==",
      "license": "ISC",
      "engines": {
        "node": "6.* || 8.* || >= 10.*"
      }
    },
    "node_modules/get-east-asian-width": {
      "version": "1.6.0",
      "resolved": "https://registry.npmjs.org/get-east-asian-width/-/get-east-asian-width-1.6.0.tgz",
      "integrity": "sha512-QRbvDIbx6YklUe6RxeTeleMR0yv3cYH6PsPZHcnVn7xv7zO1BHN8r0XETu8n6Ye3Q+ahtSarc3WgtNWmehIBfA==",
      "license": "MIT",
      "engines": {
        "node": ">=18"
      },
      "funding": {
        "url": "https://github.com/sponsors/sindresorhus"
      }
    },
    "node_modules/glob": {
      "version": "11.0.1",
      "resolved": "https://registry.npmjs.org/glob/-/glob-11.0.1.tgz",
      "integrity": "sha512-zrQDm8XPnYEKawJScsnM0QzobJxlT/kHOOlRTio8IH/GrmxRE5fjllkzdaHclIuNjUQTJYH2xHNIGfdpJkDJUw==",
      "license": "ISC",
      "dependencies": {
        "foreground-child": "^3.1.0",
        "jackspeak": "^4.0.1",
        "minimatch": "^10.0.0",
        "minipass": "^7.1.2",
        "package-json-from-dist": "^1.0.0",
        "path-scurry": "^2.0.0"
      },
      "bin": {
        "glob": "dist/esm/bin.mjs"
      },
      "engines": {
        "node": "20 || >=22"
      },
      "funding": {
        "url": "https://github.com/sponsors/isaacs"
      }
    },
    "node_modules/google-tts-api": {
      "version": "2.0.2",
      "resolved": "https://registry.npmjs.org/google-tts-api/-/google-tts-api-2.0.2.tgz",
      "integrity": "sha512-MkQYbBJEdom8hJpfEVDfD3tpBtkz0X59C+FNsoRhbnCiFjZRnzyurGQ5OrAr3xkigII56/jmk0JNwZsp450G+Q==",
      "license": "MIT",
      "dependencies": {
        "axios": "^0.21.0"
      }
    },
    "node_modules/is-fullwidth-code-point": {
      "version": "3.0.0",
      "resolved": "https://registry.npmjs.org/is-fullwidth-code-point/-/is-fullwidth-code-point-3.0.0.tgz",
      "integrity": "sha512-zymm5+u+sCsSWyD9qNaejV3DFvhCKclKdizYaJUuHA83RLjb7nSuGnddCHGv0hk+KY7BMAlsWeK4Ueg6EV6XQg==",
      "license": "MIT",
      "engines": {
        "node": ">=8"
      }
    },
    "node_modules/isexe": {
      "version": "2.0.0",
      "resolved": "https://registry.npmjs.org/isexe/-/isexe-2.0.0.tgz",
      "integrity": "sha512-RHxMLp9lnKHGHRng9QFhRCMbYAcVpn69smSGcq3f36xjgVVWThj4qqLbTLlq7Ssj8B+fIQ1EuCEGI2lKsyQeIw==",
      "license": "ISC"
    },
    "node_modules/jackspeak": {
      "version": "4.1.0",
      "resolved": "https://registry.npmjs.org/jackspeak/-/jackspeak-4.1.0.tgz",
      "integrity": "sha512-9DDdhb5j6cpeitCbvLO7n7J4IxnbM6hoF6O1g4HQ5TfhvvKN8ywDM7668ZhMHRqVmxqhps/F6syWK2KcPxYlkw==",
      "license": "BlueOak-1.0.0",
      "dependencies": {
        "@isaacs/cliui": "^8.0.2"
      },
      "engines": {
        "node": "20 || >=22"
      },
      "funding": {
        "url": "https://github.com/sponsors/isaacs"
      }
    },
    "node_modules/lilconfig": {
      "version": "3.1.3",
      "resolved": "https://registry.npmjs.org/lilconfig/-/lilconfig-3.1.3.tgz",
      "integrity": "sha512-/vlFKAoH5Cgt3Ie+JLhRbwOsCQePABiU3tJ1egGvyQ+33R/vcwM2Zl2QR/LzjsBeItPt3oSVXapn+m4nQDvpzw==",
      "license": "MIT",
      "engines": {
        "node": ">=14"
      },
      "funding": {
        "url": "https://github.com/sponsors/antonk52"
      }
    },
    "node_modules/lodash": {
      "version": "4.17.21",
      "resolved": "https://registry.npmjs.org/lodash/-/lodash-4.17.21.tgz",
      "integrity": "sha512-v2kDEe57lecTulaDIuNTPy3Ry4gLGJ6Z1O3vE1krgXZNrsQ+LFTGHVxVjcXPs17LhbZVGedAJv8XZ1tvj5FvSg==",
      "license": "MIT"
    },
    "node_modules/lodash.snakecase": {
      "version": "4.1.1",
      "resolved": "https://registry.npmjs.org/lodash.snakecase/-/lodash.snakecase-4.1.1.tgz",
      "integrity": "sha512-QZ1d4xoBHYUeuouhEq3lk3Uq7ldgyFXGBhg04+oRLnIz8o9T65Eh+8YdroUwn846zchkA9yDsDl5CVVaV2nqYw==",
      "license": "MIT"
    },
    "node_modules/lowdb": {
      "version": "7.0.1",
      "resolved": "https://registry.npmjs.org/lowdb/-/lowdb-7.0.1.tgz",
      "integrity": "sha512-neJAj8GwF0e8EpycYIDFqEPcx9Qz4GUho20jWFR7YiFeXzF1YMLdxB36PypcTSPMA+4+LvgyMacYhlr18Zlymw==",
      "license": "MIT",
      "dependencies": {
        "steno": "^4.0.2"
      },
      "engines": {
        "node": ">=18"
      },
      "funding": {
        "url": "https://github.com/sponsors/typicode"
      }
    },
    "node_modules/lru-cache": {
      "version": "11.1.0",
      "resolved": "https://registry.npmjs.org/lru-cache/-/lru-cache-11.1.0.tgz",
      "integrity": "sha512-QIXZUBJUx+2zHUdQujWejBkcD9+cs94tLn0+YL8UrCh+D5sCXZ4c7LaEH48pNwRY3MLDgqUFyhlCyjJPf1WP0A==",
      "license": "ISC",
      "engines": {
        "node": "20 || >=22"
      }
    },
    "node_modules/magic-bytes.js": {
      "version": "1.11.0",
      "resolved": "https://registry.npmjs.org/magic-bytes.js/-/magic-bytes.js-1.11.0.tgz",
      "integrity": "sha512-nVmadqN9gam80tdnn74qjFCKgldwzv1+96XmeCvR3bY7wNn2PjHMnRakOWC6+32g133vgZOjUiYgswIxohffzA==",
      "license": "MIT",
      "dependencies": {
        "rimraf": "^6.0.1"
      }
    },
    "node_modules/minimatch": {
      "version": "10.0.1",
      "resolved": "https://registry.npmjs.org/minimatch/-/minimatch-10.0.1.tgz",
      "integrity": "sha512-ethXTt3SGGR+95gudmqJ1eNhRO7eGEGIgYA9vnPatK4/etz2MEVDno5GMCibdMTuBMyElzIlgxMna3K94XDIDQ==",
      "license": "ISC",
      "dependencies": {
        "brace-expansion": "^2.0.1"
      },
      "engines": {
        "node": "20 || >=22"
      },
      "funding": {
        "url": "https://github.com/sponsors/isaacs"
      }
    },
    "node_modules/minipass": {
      "version": "7.1.2",
      "resolved": "https://registry.npmjs.org/minipass/-/minipass-7.1.2.tgz",
      "integrity": "sha512-qOOzS1cBTWYF4BH8fVePDBOO9iptMnGUEZwNc/cMWnTV2nVLZ7VoNWEPHkYczZA0pdoA7dl6e7FL659nX9S2aw==",
      "license": "ISC",
      "engines": {
        "node": ">=16 || 14 >=14.17"
      }
    },
    "node_modules/mitt": {
      "version": "3.0.1",
      "resolved": "https://registry.npmjs.org/mitt/-/mitt-3.0.1.tgz",
      "integrity": "sha512-vKivATfr97l2/QBCYAkXYDbrIWPM2IIKEl7YPhjCvKlG3kE2gm+uBo6nEXK3M5/Ffh/FLpKExzOQ3JJoJGFKBw==",
      "license": "MIT"
    },
    "node_modules/modern-tar": {
      "version": "0.7.6",
      "resolved": "https://registry.npmjs.org/modern-tar/-/modern-tar-0.7.6.tgz",
      "integrity": "sha512-sweCIVXzx1aIGTCdzcMlSZt1h8k5Tmk08VNAuRk3IU28XamGiOH5ypi11g6De2CH7PhYqSSnGy2A/EFhbWnVKg==",
      "license": "MIT",
      "engines": {
        "node": ">=18.0.0"
      }
    },
    "node_modules/node-cron": {
      "version": "3.0.3",
      "resolved": "https://registry.npmjs.org/node-cron/-/node-cron-3.0.3.tgz",
      "integrity": "sha512-dOal67//nohNgYWb+nWmg5dkFdIwDm8EpeGYMekPMrngV3637lqnX0lbUcCtgibHTz6SEz7DAIjKvKDFYCnO1A==",
      "license": "ISC",
      "dependencies": {
        "uuid": "8.3.2"
      },
      "engines": {
        "node": ">=6.0.0"
      }
    },
    "node_modules/node-cron/node_modules/uuid": {
      "version": "8.3.2",
      "resolved": "https://registry.npmjs.org/uuid/-/uuid-8.3.2.tgz",
      "integrity": "sha512-+NYs2QeMWy+GWFOEm9xnn6HCDp0l7QBD7ml8zLUmJ+93Q5NF0NocErnwkTkXVFNiX3/fpC6afS8Dhb/gz7R7eg==",
      "license": "MIT",
      "bin": {
        "uuid": "dist/bin/uuid"
      }
    },
    "node_modules/package-json-from-dist": {
      "version": "1.0.1",
      "resolved": "https://registry.npmjs.org/package-json-from-dist/-/package-json-from-dist-1.0.1.tgz",
      "integrity": "sha512-UEZIS3/by4OC8vL3P2dTXRETpebLI2NiI5vIrjaD/5UtrkFX/tNbwjTSRAGC/+7CAo2pIcBaRgWmcBBHcsaCIw==",
      "license": "BlueOak-1.0.0"
    },
    "node_modules/path-key": {
      "version": "3.1.1",
      "resolved": "https://registry.npmjs.org/path-key/-/path-key-3.1.1.tgz",
      "integrity": "sha512-ojmeN0qd+y0jszEtoY48r0Peq5dwMEkIlCOu6Q5f41lfkswXuKtYrhgoTpLnyIcHm24Uhqx+5Tqm2InSwLhE6Q==",
      "license": "MIT",
      "engines": {
        "node": ">=8"
      }
    },
    "node_modules/path-scurry": {
      "version": "2.0.0",
      "resolved": "https://registry.npmjs.org/path-scurry/-/path-scurry-2.0.0.tgz",
      "integrity": "sha512-ypGJsmGtdXUOeM5u93TyeIEfEhM6s+ljAhrk5vAvSx8uyY/02OvrZnA0YNGUrPXfpJMgI1ODd3nwz8Npx4O4cg==",
      "license": "BlueOak-1.0.0",
      "dependencies": {
        "lru-cache": "^11.0.0",
        "minipass": "^7.1.2"
      },
      "engines": {
        "node": "20 || >=22"
      },
      "funding": {
        "url": "https://github.com/sponsors/isaacs"
      }
    },
    "node_modules/prism-media": {
      "version": "1.3.5",
      "resolved": "https://registry.npmjs.org/prism-media/-/prism-media-1.3.5.tgz",
      "integrity": "sha512-IQdl0Q01m4LrkN1EGIE9lphov5Hy7WWlH6ulf5QdGePLlPas9p2mhgddTEHrlaXYjjFToM1/rWuwF37VF4taaA==",
      "license": "Apache-2.0",
      "peerDependencies": {
        "@discordjs/opus": ">=0.8.0 <1.0.0",
        "ffmpeg-static": "^5.0.2 || ^4.2.7 || ^3.0.0 || ^2.4.0",
        "node-opus": "^0.3.3",
        "opusscript": "^0.0.8"
      },
      "peerDependenciesMeta": {
        "@discordjs/opus": {
          "optional": true
        },
        "ffmpeg-static": {
          "optional": true
        },
        "node-opus": {
          "optional": true
        },
        "opusscript": {
          "optional": true
        }
      }
    },
    "node_modules/puppeteer": {
      "version": "25.3.0",
      "resolved": "https://registry.npmjs.org/puppeteer/-/puppeteer-25.3.0.tgz",
      "integrity": "sha512-O1tx8S315aw8eI99HZ5ZNcVEzJ9+jKF//eO5UvfZ3cXJ6okZ5sX3Y50u7DJaM+ewEK4LqXP068tBhfRaWikj+g==",
      "hasInstallScript": true,
      "license": "Apache-2.0",
      "dependencies": {
        "@puppeteer/browsers": "3.0.6",
        "chromium-bidi": "16.0.1",
        "devtools-protocol": "0.0.1638949",
        "lilconfig": "^3.1.3",
        "puppeteer-core": "25.3.0",
        "typed-query-selector": "^2.12.2"
      },
      "bin": {
        "puppeteer": "lib/puppeteer/node/cli.js"
      },
      "engines": {
        "node": ">=22.12.0"
      }
    },
    "node_modules/puppeteer-core": {
      "version": "25.3.0",
      "resolved": "https://registry.npmjs.org/puppeteer-core/-/puppeteer-core-25.3.0.tgz",
      "integrity": "sha512-fm+wpUr2oigH1PXZvwgATrM2tYWHMDG8ASzTEe9uukCye4X5Ldx1K5BTHPFKITrIWvQQAQ256d1NpbEveBcKjA==",
      "license": "Apache-2.0",
      "dependencies": {
        "@puppeteer/browsers": "3.0.6",
        "chromium-bidi": "16.0.1",
        "devtools-protocol": "0.0.1638949",
        "typed-query-selector": "^2.12.2",
        "webdriver-bidi-protocol": "0.4.2",
        "ws": "^8.21.0"
      },
      "engines": {
        "node": ">=22.12.0"
      }
    },
    "node_modules/rimraf": {
      "version": "6.0.1",
      "resolved": "https://registry.npmjs.org/rimraf/-/rimraf-6.0.1.tgz",
      "integrity": "sha512-9dkvaxAsk/xNXSJzMgFqqMCuFgt2+KsOFek3TMLfo8NCPfWpBmqwyNn5Y+NX56QUYfCtsyhF3ayiboEoUmJk/A==",
      "license": "ISC",
      "dependencies": {
        "glob": "^11.0.0",
        "package-json-from-dist": "^1.0.0"
      },
      "bin": {
        "rimraf": "dist/esm/bin.mjs"
      },
      "engines": {
        "node": "20 || >=22"
      },
      "funding": {
        "url": "https://github.com/sponsors/isaacs"
      }
    },
    "node_modules/shebang-command": {
      "version": "2.0.0",
      "resolved": "https://registry.npmjs.org/shebang-command/-/shebang-command-2.0.0.tgz",
      "integrity": "sha512-kHxr2zZpYtdmrN1qDjrrX/Z1rR1kG8Dx+gkpK1G4eXmvXswmcE1hTWBWYUzlraYw1/yZp6YuDY77YtvbN0dmDA==",
      "license": "MIT",
      "dependencies": {
        "shebang-regex": "^3.0.0"
      },
      "engines": {
        "node": ">=8"
      }
    },
    "node_modules/shebang-regex": {
      "version": "3.0.0",
      "resolved": "https://registry.npmjs.org/shebang-regex/-/shebang-regex-3.0.0.tgz",
      "integrity": "sha512-7++dFhtcx3353uBaq8DDR4NuxBetBzC7ZQOhmTQInHEd6bSrXdiEyzCvG07Z44UYdLShWUyXt5M/yhz8ekcb1A==",
      "license": "MIT",
      "engines": {
        "node": ">=8"
      }
    },
    "node_modules/signal-exit": {
      "version": "4.1.0",
      "resolved": "https://registry.npmjs.org/signal-exit/-/signal-exit-4.1.0.tgz",
      "integrity": "sha512-bzyZ1e88w9O1iNJbKnOlvYTrWPDl46O1bG0D3XInv+9tkPrxrN8jUUTiFlDkkmKWgn1M6CfIA13SuGqOa9Korw==",
      "license": "ISC",
      "engines": {
        "node": ">=14"
      },
      "funding": {
        "url": "https://github.com/sponsors/isaacs"
      }
    },
    "node_modules/steno": {
      "version": "4.0.2",
      "resolved": "https://registry.npmjs.org/steno/-/steno-4.0.2.tgz",
      "integrity": "sha512-yhPIQXjrlt1xv7dyPQg2P17URmXbuM5pdGkpiMB3RenprfiBlvK415Lctfe0eshk90oA7/tNq7WEiMK8RSP39A==",
      "license": "MIT",
      "engines": {
        "node": ">=18"
      },
      "funding": {
        "url": "https://github.com/sponsors/typicode"
      }
    },
    "node_modules/string-width": {
      "version": "5.1.2",
      "resolved": "https://registry.npmjs.org/string-width/-/string-width-5.1.2.tgz",
      "integrity": "sha512-HnLOCR3vjcY8beoNLtcjZ5/nxn2afmME6lhrDrebokqMap+XbeW8n9TXpPDOqdGK5qcI3oT0GKTW6wC7EMiVqA==",
      "license": "MIT",
      "dependencies": {
        "eastasianwidth": "^0.2.0",
        "emoji-regex": "^9.2.2",
        "strip-ansi": "^7.0.1"
      },
      "engines": {
        "node": ">=12"
      },
      "funding": {
        "url": "https://github.com/sponsors/sindresorhus"
      }
    },
    "node_modules/string-width-cjs": {
      "name": "string-width",
      "version": "4.2.3",
      "resolved": "https://registry.npmjs.org/string-width/-/string-width-4.2.3.tgz",
      "integrity": "sha512-wKyQRQpjJ0sIp62ErSZdGsjMJWsap5oRNihHhu6G7JVO/9jIB6UyevL+tXuOqrng8j/cxKTWyWUwvSTriiZz/g==",
      "license": "MIT",
      "dependencies": {
        "emoji-regex": "^8.0.0",
        "is-fullwidth-code-point": "^3.0.0",
        "strip-ansi": "^6.0.1"
      },
      "engines": {
        "node": ">=8"
      }
    },
    "node_modules/string-width-cjs/node_modules/ansi-regex": {
      "version": "5.0.1",
      "resolved": "https://registry.npmjs.org/ansi-regex/-/ansi-regex-5.0.1.tgz",
      "integrity": "sha512-quJQXlTSUGL2LH9SUXo8VwsY4soanhgo6LNSm84E1LBcE8s3O0wpdiRzyR9z/ZZJMlMWv37qOOb9pdJlMUEKFQ==",
      "license": "MIT",
      "engines": {
        "node": ">=8"
      }
    },
    "node_modules/string-width-cjs/node_modules/emoji-regex": {
      "version": "8.0.0",
      "resolved": "https://registry.npmjs.org/emoji-regex/-/emoji-regex-8.0.0.tgz",
      "integrity": "sha512-MSjYzcWNOA0ewAHpz0MxpYFvwg6yjy1NG3xteoqz644VCo/RPgnr1/GGt+ic3iJTzQ8Eu3TdM14SawnVUmGE6A==",
      "license": "MIT"
    },
    "node_modules/string-width-cjs/node_modules/strip-ansi": {
      "version": "6.0.1",
      "resolved": "https://registry.npmjs.org/strip-ansi/-/strip-ansi-6.0.1.tgz",
      "integrity": "sha512-Y38VPSHcqkFrCpFnQ9vuSXmquuv5oXOKpGeT6aGrr3o3Gc9AlVa6JBfUSOCnbxGGZF+/0ooI7KrPuUSztUdU5A==",
      "license": "MIT",
      "dependencies": {
        "ansi-regex": "^5.0.1"
      },
      "engines": {
        "node": ">=8"
      }
    },
    "node_modules/strip-ansi": {
      "version": "7.1.0",
      "resolved": "https://registry.npmjs.org/strip-ansi/-/strip-ansi-7.1.0.tgz",
      "integrity": "sha512-iq6eVVI64nQQTRYq2KtEg2d2uU7LElhTJwsH4YzIHZshxlgZms/wIc4VoDQTlG/IvVIrBKG06CrZnp0qv7hkcQ==",
      "license": "MIT",
      "dependencies": {
        "ansi-regex": "^6.0.1"
      },
      "engines": {
        "node": ">=12"
      },
      "funding": {
        "url": "https://github.com/chalk/strip-ansi?sponsor=1"
      }
    },
    "node_modules/strip-ansi-cjs": {
      "name": "strip-ansi",
      "version": "6.0.1",
      "resolved": "https://registry.npmjs.org/strip-ansi/-/strip-ansi-6.0.1.tgz",
      "integrity": "sha512-Y38VPSHcqkFrCpFnQ9vuSXmquuv5oXOKpGeT6aGrr3o3Gc9AlVa6JBfUSOCnbxGGZF+/0ooI7KrPuUSztUdU5A==",
      "license": "MIT",
      "dependencies": {
        "ansi-regex": "^5.0.1"
      },
      "engines": {
        "node": ">=8"
      }
    },
    "node_modules/strip-ansi-cjs/node_modules/ansi-regex": {
      "version": "5.0.1",
      "resolved": "https://registry.npmjs.org/ansi-regex/-/ansi-regex-5.0.1.tgz",
      "integrity": "sha512-quJQXlTSUGL2LH9SUXo8VwsY4soanhgo6LNSm84E1LBcE8s3O0wpdiRzyR9z/ZZJMlMWv37qOOb9pdJlMUEKFQ==",
      "license": "MIT",
      "engines": {
        "node": ">=8"
      }
    },
    "node_modules/ts-mixer": {
      "version": "6.0.4",
      "resolved": "https://registry.npmjs.org/ts-mixer/-/ts-mixer-6.0.4.tgz",
      "integrity": "sha512-ufKpbmrugz5Aou4wcr5Wc1UUFWOLhq+Fm6qa6P0w0K5Qw2yhaUoiWszhCVuNQyNwrlGiscHOmqYoAox1PtvgjA==",
      "license": "MIT"
    },
    "node_modules/tslib": {
      "version": "2.8.1",
      "resolved": "https://registry.npmjs.org/tslib/-/tslib-2.8.1.tgz",
      "integrity": "sha512-oJFu94HQb+KVduSUQL7wnpmqnfmLsOA/nAh6b6EH0wCEoK0/mPeXU6c3wKDV83MkOuHPRHtSXKKU99IBazS/2w==",
      "license": "0BSD"
    },
    "node_modules/typed-query-selector": {
      "version": "2.12.2",
      "resolved": "https://registry.npmjs.org/typed-query-selector/-/typed-query-selector-2.12.2.tgz",
      "integrity": "sha512-EOPFbyIub4ngnEdqi2yOcNeDLaX/0jcE1JoAXQDDMIthap7FoN795lc/SHfIq2d416VufXpM8z/lD+WRm2gfOQ==",
      "license": "MIT"
    },
    "node_modules/undici": {
      "version": "6.21.1",
      "resolved": "https://registry.npmjs.org/undici/-/undici-6.21.1.tgz",
      "integrity": "sha512-q/1rj5D0/zayJB2FraXdaWxbhWiNKDvu8naDT2dl1yTlvJp4BLtOcp2a5BvgGNQpYYJzau7tf1WgKv3b+7mqpQ==",
      "license": "MIT",
      "engines": {
        "node": ">=18.17"
      }
    },
    "node_modules/undici-types": {
      "version": "6.21.0",
      "resolved": "https://registry.npmjs.org/undici-types/-/undici-types-6.21.0.tgz",
      "integrity": "sha512-iwDZqg0QAGrg9Rav5H4n0M64c3mkR59cJ6wQp+7C4nI0gsmExaedaYLNO44eT4AtBBwjbTiGPMlt2Md0T9H9JQ==",
      "license": "MIT"
    },
    "node_modules/uuid": {
      "version": "13.0.0",
      "resolved": "https://registry.npmjs.org/uuid/-/uuid-13.0.0.tgz",
      "integrity": "sha512-XQegIaBTVUjSHliKqcnFqYypAd4S+WCYt5NIeRs6w/UAry7z8Y9j5ZwRRL4kzq9U3sD6v+85er9FvkEaBpji2w==",
      "funding": [
        "https://github.com/sponsors/broofa",
        "https://github.com/sponsors/ctavan"
      ],
      "license": "MIT",
      "bin": {
        "uuid": "dist-node/bin/uuid"
      }
    },
    "node_modules/webdriver-bidi-protocol": {
      "version": "0.4.2",
      "resolved": "https://registry.npmjs.org/webdriver-bidi-protocol/-/webdriver-bidi-protocol-0.4.2.tgz",
      "integrity": "sha512-VSV+fzfChirL3e7jay2yUC7B4HQCGtEWEg/MSSQbK+qWbqeGlRLlXTzPpYr3XGUvbpDHumWZBJxgesg4N7dbtA==",
      "license": "Apache-2.0"
    },
    "node_modules/which": {
      "version": "2.0.2",
      "resolved": "https://registry.npmjs.org/which/-/which-2.0.2.tgz",
      "integrity": "sha512-BLI3Tl1TW3Pvl70l3yq3Y64i+awpwXqsGBYWkkqMtnbXgrMD+yj7rhW0kuEDxzJaYXGjEW5ogapKNMEKNMjibA==",
      "license": "ISC",
      "dependencies": {
        "isexe": "^2.0.0"
      },
      "bin": {
        "node-which": "bin/node-which"
      },
      "engines": {
        "node": ">= 8"
      }
    },
    "node_modules/wrap-ansi": {
      "version": "8.1.0",
      "resolved": "https://registry.npmjs.org/wrap-ansi/-/wrap-ansi-8.1.0.tgz",
      "integrity": "sha512-si7QWI6zUMq56bESFvagtmzMdGOtoxfR+Sez11Mobfc7tm+VkUckk9bW2UeffTGVUbOksxmSw0AA2gs8g71NCQ==",
      "license": "MIT",
      "dependencies": {
        "ansi-styles": "^6.1.0",
        "string-width": "^5.0.1",
        "strip-ansi": "^7.0.1"
      },
      "engines": {
        "node": ">=12"
      },
      "funding": {
        "url": "https://github.com/chalk/wrap-ansi?sponsor=1"
      }
    },
    "node_modules/wrap-ansi-cjs": {
      "name": "wrap-ansi",
      "version": "7.0.0",
      "resolved": "https://registry.npmjs.org/wrap-ansi/-/wrap-ansi-7.0.0.tgz",
      "integrity": "sha512-YVGIj2kamLSTxw6NsZjoBxfSwsn0ycdesmc4p+Q21c5zPuZ1pl+NfxVdxPtdHvmNVOQ6XSYG4AUtyt/Fi7D16Q==",
      "license": "MIT",
      "dependencies": {
        "ansi-styles": "^4.0.0",
        "string-width": "^4.1.0",
        "strip-ansi": "^6.0.0"
      },
      "engines": {
        "node": ">=10"
      },
      "funding": {
        "url": "https://github.com/chalk/wrap-ansi?sponsor=1"
      }
    },
    "node_modules/wrap-ansi-cjs/node_modules/ansi-regex": {
      "version": "5.0.1",
      "resolved": "https://registry.npmjs.org/ansi-regex/-/ansi-regex-5.0.1.tgz",
      "integrity": "sha512-quJQXlTSUGL2LH9SUXo8VwsY4soanhgo6LNSm84E1LBcE8s3O0wpdiRzyR9z/ZZJMlMWv37qOOb9pdJlMUEKFQ==",
      "license": "MIT",
      "engines": {
        "node": ">=8"
      }
    },
    "node_modules/wrap-ansi-cjs/node_modules/ansi-styles": {
      "version": "4.3.0",
      "resolved": "https://registry.npmjs.org/ansi-styles/-/ansi-styles-4.3.0.tgz",
      "integrity": "sha512-zbB9rCJAT1rbjiVDb2hqKFHNYLxgtk8NURxZ3IZwD3F6NtxbXZQCnnSi1Lkx+IDohdPlFp222wVALIheZJQSEg==",
      "license": "MIT",
      "dependencies": {
        "color-convert": "^2.0.1"
      },
      "engines": {
        "node": ">=8"
      },
      "funding": {
        "url": "https://github.com/chalk/ansi-styles?sponsor=1"
      }
    },
    "node_modules/wrap-ansi-cjs/node_modules/emoji-regex": {
      "version": "8.0.0",
      "resolved": "https://registry.npmjs.org/emoji-regex/-/emoji-regex-8.0.0.tgz",
      "integrity": "sha512-MSjYzcWNOA0ewAHpz0MxpYFvwg6yjy1NG3xteoqz644VCo/RPgnr1/GGt+ic3iJTzQ8Eu3TdM14SawnVUmGE6A==",
      "license": "MIT"
    },
    "node_modules/wrap-ansi-cjs/node_modules/string-width": {
      "version": "4.2.3",
      "resolved": "https://registry.npmjs.org/string-width/-/string-width-4.2.3.tgz",
      "integrity": "sha512-wKyQRQpjJ0sIp62ErSZdGsjMJWsap5oRNihHhu6G7JVO/9jIB6UyevL+tXuOqrng8j/cxKTWyWUwvSTriiZz/g==",
      "license": "MIT",
      "dependencies": {
        "emoji-regex": "^8.0.0",
        "is-fullwidth-code-point": "^3.0.0",
        "strip-ansi": "^6.0.1"
      },
      "engines": {
        "node": ">=8"
      }
    },
    "node_modules/wrap-ansi-cjs/node_modules/strip-ansi": {
      "version": "6.0.1",
      "resolved": "https://registry.npmjs.org/strip-ansi/-/strip-ansi-6.0.1.tgz",
      "integrity": "sha512-Y38VPSHcqkFrCpFnQ9vuSXmquuv5oXOKpGeT6aGrr3o3Gc9AlVa6JBfUSOCnbxGGZF+/0ooI7KrPuUSztUdU5A==",
      "license": "MIT",
      "dependencies": {
        "ansi-regex": "^5.0.1"
      },
      "engines": {
        "node": ">=8"
      }
    },
    "node_modules/ws": {
      "version": "8.21.1",
      "resolved": "https://registry.npmjs.org/ws/-/ws-8.21.1.tgz",
      "integrity": "sha512-+0NTnW77fFN/DjQi6k/Sq/Yvk4Sgajw7urW8V+asjXnRgDs9gyGkdb7EzgfhA4goXsRIZKE28fzIXBHEzhuiWw==",
      "license": "MIT",
      "engines": {
        "node": ">=10.0.0"
      },
      "peerDependencies": {
        "bufferutil": "^4.0.1",
        "utf-8-validate": ">=5.0.2"
      },
      "peerDependenciesMeta": {
        "bufferutil": {
          "optional": true
        },
        "utf-8-validate": {
          "optional": true
        }
      }
    },
    "node_modules/y18n": {
      "version": "5.0.8",
      "resolved": "https://registry.npmjs.org/y18n/-/y18n-5.0.8.tgz",
      "integrity": "sha512-0pfFzegeDWJHJIAmTLRP2DwHjdF5s7jo9tuztdQxAhINCdvS+3nGINqPd00AphqJR/0LhANUS6/+7SCb98YOfA==",
      "license": "ISC",
      "engines": {
        "node": ">=10"
      }
    },
    "node_modules/yargs": {
      "version": "18.0.0",
      "resolved": "https://registry.npmjs.org/yargs/-/yargs-18.0.0.tgz",
      "integrity": "sha512-4UEqdc2RYGHZc7Doyqkrqiln3p9X2DZVxaGbwhn2pi7MrRagKaOcIKe8L3OxYcbhXLgLFUS3zAYuQjKBQgmuNg==",
      "license": "MIT",
      "dependencies": {
        "cliui": "^9.0.1",
        "escalade": "^3.1.1",
        "get-caller-file": "^2.0.5",
        "string-width": "^7.2.0",
        "y18n": "^5.0.5",
        "yargs-parser": "^22.0.0"
      },
      "engines": {
        "node": "^20.19.0 || ^22.12.0 || >=23"
      }
    },
    "node_modules/yargs-parser": {
      "version": "22.0.0",
      "resolved": "https://registry.npmjs.org/yargs-parser/-/yargs-parser-22.0.0.tgz",
      "integrity": "sha512-rwu/ClNdSMpkSrUb+d6BRsSkLUq1fmfsY6TOpYzTwvwkg1/NRG85KBy3kq++A8LKQwX6lsu+aWad+2khvuXrqw==",
      "license": "ISC",
      "engines": {
        "node": "^20.19.0 || ^22.12.0 || >=23"
      }
    },
    "node_modules/yargs/node_modules/emoji-regex": {
      "version": "10.6.0",
      "resolved": "https://registry.npmjs.org/emoji-regex/-/emoji-regex-10.6.0.tgz",
      "integrity": "sha512-toUI84YS5YmxW219erniWD0CIVOo46xGKColeNQRgOzDorgBi1v4D71/OFzgD9GO2UGKIv1C3Sp8DAn0+j5w7A==",
      "license": "MIT"
    },
    "node_modules/yargs/node_modules/string-width": {
      "version": "7.2.0",
      "resolved": "https://registry.npmjs.org/string-width/-/string-width-7.2.0.tgz",
      "integrity": "sha512-tsaTIkKW9b4N+AEj+SVA+WhJzV7/zMhcSu78mLKWSk7cXMOSHsBKFWUs0fWwq8QyK3MgJBQRX6Gbi4kYbdvGkQ==",
      "license": "MIT",
      "dependencies": {
        "emoji-regex": "^10.3.0",
        "get-east-asian-width": "^1.0.0",
        "strip-ansi": "^7.1.0"
      },
      "engines": {
        "node": ">=18"
      },
      "funding": {
        "url": "https://github.com/sponsors/sindresorhus"
      }
    },
    "node_modules/zod": {
      "version": "3.25.76",
      "resolved": "https://registry.npmjs.org/zod/-/zod-3.25.76.tgz",
      "integrity": "sha512-gzUt/qt81nXsFGKIFcC3YnfEAx5NkunCfnDlvuBSSFS02bcXu4Lmea0AFIUwbLWxWPx3d9p8S5QoaujKcNQxcQ==",
      "license": "MIT",
      "funding": {
        "url": "https://github.com/sponsors/colinhacks"
      }
    }
  }
}
